
Microsoft Visual Studio Solution File, Format Version 12.00
# Visual Studio Version 17
VisualStudioVersion = 17.5.33414.496
MinimumVisualStudioVersion = 10.0.40219.1
Project("{FAE04EC0-301F-11D3-BF4B-00C04F79EFBC}") = "cshello", "cshello.csproj", "{29057F0F-6455-4ECC-BE43-17A18309E6CD}"
EndProject
Global
	GlobalSection(SolutionConfigurationPlatforms) = preSolution
		Debug|Any CPU = Debug|Any CPU
		Release|Any CPU = Release|Any CPU
	EndGlobalSection
	GlobalSection(ProjectConfigurationPlatforms) = postSolution
		{29057F0F-6455-4ECC-BE43-17A18309E6CD}.Debug|Any CPU.ActiveCfg = Debug|Any CPU
		{29057F0F-6455-4ECC-BE43-17A18309E6CD}.Debug|Any CPU.Build.0 = Debug|Any CPU
		{29057F0F-6455-4ECC-BE43-17A18309E6CD}.Release|Any CPU.ActiveCfg = Release|Any CPU
		{29057F0F-6455-4ECC-BE43-17A18309E6CD}.Release|Any CPU.Build.0 = Release|Any CPU
	EndGlobalSection
	GlobalSection(SolutionProperties) = preSolution
		HideSolutionNode = FALSE
	EndGlobalSection
	GlobalSection(ExtensibilityGlobals) = postSolution
		SolutionGuid = {9CD23092-2E68-46AB-B68D-7386D09871F5}
	EndGlobalSection
EndGlobal
